
Microsoft Visual Studio Solution File, Format Version 12.00
# Visual Studio Version 17
VisualStudioVersion = 17.7.34024.191
MinimumVisualStudioVersion = 10.0.40219.1
Project("{FAE04EC0-301F-11D3-BF4B-00C04F79EFBC}") = "Sugarbakers", "Sugarbakers.csproj", "{A7B6F545-01FC-4914-9CA5-1F6716EE9F07}"
EndProject
Global
	GlobalSection(SolutionConfigurationPlatforms) = preSolution
		Debug|Any CPU = Debug|Any CPU
		Release|Any CPU = Release|Any CPU
	EndGlobalSection
	GlobalSection(ProjectConfigurationPlatforms) = postSolution
		{A7B6F545-01FC-4914-9CA5-1F6716EE9F07}.Debug|Any CPU.ActiveCfg = Debug|Any CPU
		{A7B6F545-01FC-4914-9CA5-1F6716EE9F07}.Debug|Any CPU.Build.0 = Debug|Any CPU
		{A7B6F545-01FC-4914-9CA5-1F6716EE9F07}.Release|Any CPU.ActiveCfg = Release|Any CPU
		{A7B6F545-01FC-4914-9CA5-1F6716EE9F07}.Release|Any CPU.Build.0 = Release|Any CPU
	EndGlobalSection
	GlobalSection(SolutionProperties) = preSolution
		HideSolutionNode = FALSE
	EndGlobalSection
	GlobalSection(ExtensibilityGlobals) = postSolution
		SolutionGuid = {0AB61948-289A-4056-A153-BE410261BB46}
	EndGlobalSection
EndGlobal
